{
  "name": "alexa-kids-fill",
  "version": "0.1.0",
  "lockfileVersion": 1,
  "requires": true,
  "dependencies": {
    "alexa-message-builder": {
      "version": "1.2.0",
      "resolved": "https://registry.npmjs.org/alexa-message-builder/-/alexa-message-builder-1.2.0.tgz",
      "integrity": "sha1-6FeTIsTzX1h6d7yPho5ugfxjXuc="
    },
    "asap": {
      "version": "2.0.6",
      "resolved": "https://registry.npmjs.org/asap/-/asap-2.0.6.tgz",
      "integrity": "sha1-5QNHYR1+aQlDIIu9r+vLwvuGbUY="
    },
    "chownr": {
      "version": "1.0.1",
      "resolved": "https://registry.npmjs.org/chownr/-/chownr-1.0.1.tgz",
      "integrity": "sha1-4qdQQqlVGQi+vSW4Uj1fl2nXkYE="
    },
    "claudia-bot-builder": {
      "version": "3.0.0",
      "resolved": "https://registry.npmjs.org/claudia-bot-builder/-/claudia-bot-builder-3.0.0.tgz",
      "integrity": "sha1-yRNJugMlzDeOjoIrq+WdXi2o0WM=",
      "requires": {
        "alexa-message-builder": "1.2.0",
        "claudia-api-builder": "3.0.0",
        "minimal-request-promise": "1.5.0",
        "oh-no-i-insist": "1.1.1",
        "souffleur": "1.0.0",
        "tsscmp": "1.0.5"
      },
      "dependencies": {
        "alexa-message-builder": {
          "version": "1.2.0",
          "resolved": "https://registry.npmjs.org/alexa-message-builder/-/alexa-message-builder-1.2.0.tgz",
          "integrity": "sha1-6FeTIsTzX1h6d7yPho5ugfxjXuc="
        },
        "claudia-api-builder": {
          "version": "3.0.0",
          "resolved": "https://registry.npmjs.org/claudia-api-builder/-/claudia-api-builder-3.0.0.tgz",
          "integrity": "sha1-nVTRaY+vwhcm5qQ2ieistW9mTCM="
        },
        "minimal-request-promise": {
          "version": "1.5.0",
          "resolved": "https://registry.npmjs.org/minimal-request-promise/-/minimal-request-promise-1.5.0.tgz",
          "integrity": "sha1-YPXX9VtAJtGXB04uFVYm1MxcLrw="
        },
        "oh-no-i-insist": {
          "version": "1.1.1",
          "resolved": "https://registry.npmjs.org/oh-no-i-insist/-/oh-no-i-insist-1.1.1.tgz",
          "integrity": "sha1-r28S4tQzZoObrkX4yHC5dqEe7jU="
        },
        "souffleur": {
          "version": "1.0.0",
          "resolved": "https://registry.npmjs.org/souffleur/-/souffleur-1.0.0.tgz",
          "integrity": "sha1-0ZnZecwCsv7qh9rmvNQFavR9lnQ="
        },
        "tsscmp": {
          "version": "1.0.5",
          "resolved": "https://registry.npmjs.org/tsscmp/-/tsscmp-1.0.5.tgz",
          "integrity": "sha1-fcSjOvcVgatDN9qR2FylQn69mpc="
        }
      }
    },
    "commander": {
      "version": "2.12.2",
      "resolved": "https://registry.npmjs.org/commander/-/commander-2.12.2.tgz",
      "integrity": "sha512-BFnaq5ZOGcDN7FlrtBT4xxkgIToalIIxwjxLWVJ8bGTpe1LroqMiqQXdA7ygc7CRvaYS+9zfPGFnJqFSayx+AA=="
    },
    "debug": {
      "version": "3.1.0",
      "resolved": "https://registry.npmjs.org/debug/-/debug-3.1.0.tgz",
      "integrity": "sha512-OX8XqP7/1a9cqkxYw2yXss15f26NKWBpDXQd0/uK/KPqdQhxbPa994hnzjcE2VqQpDslf55723cKPUOGSmMY3g==",
      "requires": {
        "ms": "2.0.0"
      }
    },
    "huh": {
      "version": "2.0.1",
      "resolved": "https://registry.npmjs.org/huh/-/huh-2.0.1.tgz",
      "integrity": "sha1-CNWDakfj8wGtUImdR4hyGwrBVIY="
    },
    "minimist": {
      "version": "0.0.8",
      "resolved": "https://registry.npmjs.org/minimist/-/minimist-0.0.8.tgz",
      "integrity": "sha1-hX/Kv8M5fSYluCKCYuhqp6ARsF0="
    },
    "minipass": {
      "version": "2.2.1",
      "resolved": "https://registry.npmjs.org/minipass/-/minipass-2.2.1.tgz",
      "integrity": "sha512-u1aUllxPJUI07cOqzR7reGmQxmCqlH88uIIsf6XZFEWgw7gXKpJdR+5R9Y3KEDmWYkdIz9wXZs3C0jOPxejk/Q==",
      "requires": {
        "yallist": "3.0.2"
      }
    },
    "minizlib": {
      "version": "1.1.0",
      "resolved": "https://registry.npmjs.org/minizlib/-/minizlib-1.1.0.tgz",
      "integrity": "sha512-4T6Ur/GctZ27nHfpt9THOdRZNgyJ9FZchYO1ceg5S8Q3DNLCKYy44nCZzgCJgcvx2UM8czmqak5BCxJMrq37lA==",
      "requires": {
        "minipass": "2.2.1"
      }
    },
    "mkdirp": {
      "version": "0.5.1",
      "resolved": "https://registry.npmjs.org/mkdirp/-/mkdirp-0.5.1.tgz",
      "integrity": "sha1-MAV0OOrGz3+MR2fzhkjWaX11yQM=",
      "requires": {
        "minimist": "0.0.8"
      }
    },
    "ms": {
      "version": "2.0.0",
      "resolved": "https://registry.npmjs.org/ms/-/ms-2.0.0.tgz",
      "integrity": "sha1-VgiurfwAvmwpAd9fmGF4jeDVl8g="
    },
    "prng-well1024a": {
      "version": "1.0.1",
      "resolved": "https://registry.npmjs.org/prng-well1024a/-/prng-well1024a-1.0.1.tgz",
      "integrity": "sha1-Bejtkj5OorP3ivXulPBWtNXPqyQ="
    },
    "promise": {
      "version": "8.0.1",
      "resolved": "https://registry.npmjs.org/promise/-/promise-8.0.1.tgz",
      "integrity": "sha1-5F1osAoXZHttpxG/he1u1HII9FA=",
      "requires": {
        "asap": "2.0.6"
      }
    },
    "randy": {
      "version": "1.5.1",
      "resolved": "https://registry.npmjs.org/randy/-/randy-1.5.1.tgz",
      "integrity": "sha1-59wIag7Li+99ZzVmQs0qM/liRlw=",
      "requires": {
        "prng-well1024a": "1.0.1"
      }
    },
    "sentence-tokenizer": {
      "version": "1.0.0",
      "resolved": "https://registry.npmjs.org/sentence-tokenizer/-/sentence-tokenizer-1.0.0.tgz",
      "integrity": "sha512-zVc8rVWi243vdX7XLYsZFAVMI05cmbko5ynrE4Tg7A938XroNKDgdkhLpuoceNt0hkLqQtu/quuvFC7k5gHgtQ==",
      "requires": {
        "debug": "3.1.0"
      }
    },
    "tar": {
      "version": "3.2.1",
      "resolved": "https://registry.npmjs.org/tar/-/tar-3.2.1.tgz",
      "integrity": "sha512-ZSzds1E0IqutvMU8HxjMaU8eB7urw2fGwTq88ukDOVuUIh0656l7/P7LiVPxhO5kS4flcRJQk8USG+cghQbTUQ==",
      "requires": {
        "chownr": "1.0.1",
        "minipass": "2.2.1",
        "minizlib": "1.1.0",
        "mkdirp": "0.5.1",
        "yallist": "3.0.2"
      }
    },
    "underscore": {
      "version": "1.8.3",
      "resolved": "https://registry.npmjs.org/underscore/-/underscore-1.8.3.tgz",
      "integrity": "sha1-Tz+1OxBuYJf8+ctBCfKl6b36UCI="
    },
    "wordnet-db": {
      "version": "3.1.6",
      "resolved": "https://registry.npmjs.org/wordnet-db/-/wordnet-db-3.1.6.tgz",
      "integrity": "sha1-75kaOOmGq5HhsDai+ZF5jBNiD5g=",
      "requires": {
        "tar": "3.2.1"
      }
    },
    "wordpos": {
      "version": "1.1.5",
      "resolved": "https://registry.npmjs.org/wordpos/-/wordpos-1.1.5.tgz",
      "integrity": "sha1-FzXIjAhGbwUpc1jij3JUEiQMzvc=",
      "requires": {
        "commander": "2.12.2",
        "underscore": "1.8.3",
        "wordnet-db": "3.1.6"
      }
    },
    "yallist": {
      "version": "3.0.2",
      "resolved": "https://registry.npmjs.org/yallist/-/yallist-3.0.2.tgz",
      "integrity": "sha1-hFK0u36Dx8GI2AQcGoN8dz1ti7k="
    }
  }
}
