{
  "name": "alexa-kids-fill",
  "version": "0.1.0",
  "lockfileVersion": 1,
  "requires": true,
  "dependencies": {
    "claudia-bot-builder": {
      "version": "3.0.0",
      "resolved": "https://registry.npmjs.org/claudia-bot-builder/-/claudia-bot-builder-3.0.0.tgz",
      "integrity": "sha1-yRNJugMlzDeOjoIrq+WdXi2o0WM=",
      "requires": {
        "alexa-message-builder": "1.2.0",
        "claudia-api-builder": "3.0.0",
        "minimal-request-promise": "1.5.0",
        "oh-no-i-insist": "1.1.1",
        "souffleur": "1.0.0",
        "tsscmp": "1.0.5"
      },
      "dependencies": {
        "alexa-message-builder": {
          "version": "1.2.0",
          "resolved": "https://registry.npmjs.org/alexa-message-builder/-/alexa-message-builder-1.2.0.tgz",
          "integrity": "sha1-6FeTIsTzX1h6d7yPho5ugfxjXuc="
        },
        "claudia-api-builder": {
          "version": "3.0.0",
          "resolved": "https://registry.npmjs.org/claudia-api-builder/-/claudia-api-builder-3.0.0.tgz",
          "integrity": "sha1-nVTRaY+vwhcm5qQ2ieistW9mTCM="
        },
        "minimal-request-promise": {
          "version": "1.5.0",
          "resolved": "https://registry.npmjs.org/minimal-request-promise/-/minimal-request-promise-1.5.0.tgz",
          "integrity": "sha1-YPXX9VtAJtGXB04uFVYm1MxcLrw="
        },
        "oh-no-i-insist": {
          "version": "1.1.1",
          "resolved": "https://registry.npmjs.org/oh-no-i-insist/-/oh-no-i-insist-1.1.1.tgz",
          "integrity": "sha1-r28S4tQzZoObrkX4yHC5dqEe7jU="
        },
        "souffleur": {
          "version": "1.0.0",
          "resolved": "https://registry.npmjs.org/souffleur/-/souffleur-1.0.0.tgz",
          "integrity": "sha1-0ZnZecwCsv7qh9rmvNQFavR9lnQ="
        },
        "tsscmp": {
          "version": "1.0.5",
          "resolved": "https://registry.npmjs.org/tsscmp/-/tsscmp-1.0.5.tgz",
          "integrity": "sha1-fcSjOvcVgatDN9qR2FylQn69mpc="
        }
      }
    },
    "huh": {
      "version": "2.0.1",
      "resolved": "https://registry.npmjs.org/huh/-/huh-2.0.1.tgz",
      "integrity": "sha1-CNWDakfj8wGtUImdR4hyGwrBVIY="
    }
  }
}
